
Microsoft Visual Studio Solution File, Format Version 12.00
# Visual Studio Version 17
VisualStudioVersion = 17.14.36408.4 d17.14
MinimumVisualStudioVersion = 10.0.40219.1
Project("{FAE04EC0-301F-11D3-BF4B-00C04F79EFBC}") = "SQLExample", "SQLExample\SQLExample.csproj", "{543E0DF6-2626-413F-B652-A469FED09892}"
EndProject
Global
	GlobalSection(SolutionConfigurationPlatforms) = preSolution
		Debug|Any CPU = Debug|Any CPU
		Release|Any CPU = Release|Any CPU
	EndGlobalSection
	GlobalSection(ProjectConfigurationPlatforms) = postSolution
		{543E0DF6-2626-413F-B652-A469FED09892}.Debug|Any CPU.ActiveCfg = Debug|Any CPU
		{543E0DF6-2626-413F-B652-A469FED09892}.Debug|Any CPU.Build.0 = Debug|Any CPU
		{543E0DF6-2626-413F-B652-A469FED09892}.Release|Any CPU.ActiveCfg = Release|Any CPU
		{543E0DF6-2626-413F-B652-A469FED09892}.Release|Any CPU.Build.0 = Release|Any CPU
	EndGlobalSection
	GlobalSection(SolutionProperties) = preSolution
		HideSolutionNode = FALSE
	EndGlobalSection
	GlobalSection(ExtensibilityGlobals) = postSolution
		SolutionGuid = {940762B7-D8D0-4904-ABDB-D213F34A811E}
	EndGlobalSection
EndGlobal
